
Microsoft Visual Studio Solution File, Format Version 12.00
# Visual Studio Version 17
VisualStudioVersion = 17.1.32407.343
MinimumVisualStudioVersion = 10.0.40219.1
Project("{FAE04EC0-301F-11D3-BF4B-00C04F79EFBC}") = "NanXingGuoRen_WMS", "AppBoxPro\NanXingGuoRen_WMS.csproj", "{632DC2E8-FB12-46CD-A97D-ED3D510E6B54}"
EndProject
Project("{FAE04EC0-301F-11D3-BF4B-00C04F79EFBC}") = "NanXingWMS_old", "NanXingPengMaServices\NanXingWMS_old.csproj", "{2DF2ADE8-D412-40B9-80EE-575479BE3B1B}"
EndProject
Project("{FAE04EC0-301F-11D3-BF4B-00C04F79EFBC}") = "NanXingShouChiJi", "NanXingShouChiJi\NanXingShouChiJi.csproj", "{27517F98-B8F3-417C-9BC4-01C1C83BBDE5}"
EndProject
Project("{FAE04EC0-301F-11D3-BF4B-00C04F79EFBC}") = "NanXingKanBan", "NanXingKanBan\NanXingKanBan.csproj", "{36E8C355-8377-4E03-B362-50CD5EC553EE}"
EndProject
Project("{FAE04EC0-301F-11D3-BF4B-00C04F79EFBC}") = "NanXingCangKu", "FuJianApp\NanXingCangKu.csproj", "{2CD8996C-DF3E-4072-9A5A-65AFB52C4F0B}"
EndProject
Project("{FAE04EC0-301F-11D3-BF4B-00C04F79EFBC}") = "NanXingData_WMS", "NanXingData_WMS\NanXingData_WMS.csproj", "{13A622A7-48DE-4150-B22A-BED1472292EF}"
EndProject
Project("{FAE04EC0-301F-11D3-BF4B-00C04F79EFBC}") = "NanXingService_WMS", "NaXingService_WMS\NanXingService_WMS.csproj", "{CF6E13C3-D59D-4F1E-B201-861E127B533C}"
EndProject
Project("{FAE04EC0-301F-11D3-BF4B-00C04F79EFBC}") = "UnitTest_NanXing", "UnitTest_NanXing\UnitTest_NanXing.csproj", "{8F742EE6-1F07-4A9B-AAA1-DD28A8F4A615}"
EndProject
Project("{FAE04EC0-301F-11D3-BF4B-00C04F79EFBC}") = "NanXingBackService", "NanXingBackService\NanXingBackService.csproj", "{EF5F77AE-BD47-4AB0-B755-08A4A021B1CE}"
EndProject
Project("{2150E333-8FDC-42A3-9474-1A3956D46DE8}") = "01、展示层", "01、展示层", "{E76D474F-38F7-4788-83CC-7D0522B89719}"
EndProject
Project("{2150E333-8FDC-42A3-9474-1A3956D46DE8}") = "03、数据层", "03、数据层", "{CC963062-6631-4BD2-AD25-573CAEDB930F}"
EndProject
Project("{2150E333-8FDC-42A3-9474-1A3956D46DE8}") = "02、服务层", "02、服务层", "{06AE816F-B5A8-4FD2-BC59-B42A652C7326}"
EndProject
Project("{2150E333-8FDC-42A3-9474-1A3956D46DE8}") = "05、单元测试", "05、单元测试", "{BF1C0AB5-90B4-415C-A0BD-3A5647314CAF}"
EndProject
Project("{2150E333-8FDC-42A3-9474-1A3956D46DE8}") = "05、分布式", "05、分布式", "{E3DD382C-E087-43C2-A587-BF9EA3B670F6}"
EndProject
Project("{9A19103F-16F7-4668-BE54-9A1E7A4F7556}") = "NanXingWebApi", "NanXingWebApi\NanXingWebApi.csproj", "{96677A9F-0327-4B7E-9DAE-E79CB15A6BBC}"
EndProject
Project("{9A19103F-16F7-4668-BE54-9A1E7A4F7556}") = "NanXingService", "NanXingService\NanXingService.csproj", "{660DB2DD-499A-443C-B4D7-46FA2AE9E60F}"
EndProject
Project("{FAE04EC0-301F-11D3-BF4B-00C04F79EFBC}") = "NanXingGuoRen_APS", "NanXingGuoRen_APS\NanXingGuoRen_APS.csproj", "{FF57A88B-CC58-4AA5-A847-F7970F4800A2}"
EndProject
Project("{2150E333-8FDC-42A3-9474-1A3956D46DE8}") = "01-02、对外接口", "01-02、对外接口", "{3539DCD1-FBA9-4574-B07F-E5730CD3133F}"
EndProject
Project("{FAE04EC0-301F-11D3-BF4B-00C04F79EFBC}") = "WebApi_Aps", "WebApi_Aps\WebApi_Aps.csproj", "{A1F198F9-40F3-4875-A7A2-68AFC96968A6}"
EndProject
Project("{FAE04EC0-301F-11D3-BF4B-00C04F79EFBC}") = "WebApi_WMS", "WebApi_WMS\WebApi_WMS.csproj", "{C6899CE4-26B4-4188-AA3D-742D1080B3B4}"
EndProject
Project("{FAE04EC0-301F-11D3-BF4B-00C04F79EFBC}") = "NanXingKanBan_Product", "NanXingKanBan_Product\NanXingKanBan_Product.csproj", "{7F9C3041-B8CD-4AB3-8D3F-7B38B5691F86}"
EndProject
Project("{2150E333-8FDC-42A3-9474-1A3956D46DE8}") = "04、工具层", "04、工具层", "{9336B09D-F01D-4F8C-AD00-C26A6944665E}"
EndProject
Project("{FAE04EC0-301F-11D3-BF4B-00C04F79EFBC}") = "CommonTools", "CommonTools\CommonTools.csproj", "{2242535C-9B9F-45BA-B367-4CE42069901A}"
EndProject
Project("{FAE04EC0-301F-11D3-BF4B-00C04F79EFBC}") = "NanXingBackService_APS", "NanXingBackService_APS\NanXingBackService_APS.csproj", "{024D6957-F3E4-43EA-8B9F-8BA880F0584C}"
EndProject
Project("{2150E333-8FDC-42A3-9474-1A3956D46DE8}") = "01、FineUiPro", "01、FineUiPro", "{334D8F3F-43CC-491C-AE67-B50BB8C9CBF0}"
EndProject
Project("{2150E333-8FDC-42A3-9474-1A3956D46DE8}") = "02、看板", "02、看板", "{1909A51E-A789-4DE7-94D7-DED778AB5B67}"
EndProject
Project("{2150E333-8FDC-42A3-9474-1A3956D46DE8}") = "03、Winform", "03、Winform", "{92FC3BD4-1A90-4A32-A2C0-68DD1466D77C}"
EndProject
Project("{2150E333-8FDC-42A3-9474-1A3956D46DE8}") = "04、PDA", "04、PDA", "{0A532648-26B5-43FC-9E5C-C13ECB34BDD9}"
EndProject
Project("{2150E333-8FDC-42A3-9474-1A3956D46DE8}") = "05、后台服务", "05、后台服务", "{739AFC42-A864-4297-92FE-5DB40DA6EAF2}"
EndProject
Project("{FAE04EC0-301F-11D3-BF4B-00C04F79EFBC}") = "NanXingBackService_DAQ", "NanXingBackService_DAQ\NanXingBackService_DAQ.csproj", "{EC1CE463-7C43-4834-8293-E3660CCB431F}"
EndProject
Global
	GlobalSection(SolutionConfigurationPlatforms) = preSolution
		Debug|Any CPU = Debug|Any CPU
		Release|Any CPU = Release|Any CPU
	EndGlobalSection
	GlobalSection(ProjectConfigurationPlatforms) = postSolution
		{632DC2E8-FB12-46CD-A97D-ED3D510E6B54}.Debug|Any CPU.ActiveCfg = Debug|Any CPU
		{632DC2E8-FB12-46CD-A97D-ED3D510E6B54}.Debug|Any CPU.Build.0 = Debug|Any CPU
		{632DC2E8-FB12-46CD-A97D-ED3D510E6B54}.Release|Any CPU.ActiveCfg = Release|Any CPU
		{632DC2E8-FB12-46CD-A97D-ED3D510E6B54}.Release|Any CPU.Build.0 = Release|Any CPU
		{2DF2ADE8-D412-40B9-80EE-575479BE3B1B}.Debug|Any CPU.ActiveCfg = Debug|Any CPU
		{2DF2ADE8-D412-40B9-80EE-575479BE3B1B}.Debug|Any CPU.Build.0 = Debug|Any CPU
		{2DF2ADE8-D412-40B9-80EE-575479BE3B1B}.Release|Any CPU.ActiveCfg = Release|Any CPU
		{2DF2ADE8-D412-40B9-80EE-575479BE3B1B}.Release|Any CPU.Build.0 = Release|Any CPU
		{27517F98-B8F3-417C-9BC4-01C1C83BBDE5}.Debug|Any CPU.ActiveCfg = Debug|Any CPU
		{27517F98-B8F3-417C-9BC4-01C1C83BBDE5}.Debug|Any CPU.Build.0 = Debug|Any CPU
		{27517F98-B8F3-417C-9BC4-01C1C83BBDE5}.Release|Any CPU.ActiveCfg = Release|Any CPU
		{27517F98-B8F3-417C-9BC4-01C1C83BBDE5}.Release|Any CPU.Build.0 = Release|Any CPU
		{36E8C355-8377-4E03-B362-50CD5EC553EE}.Debug|Any CPU.ActiveCfg = Debug|Any CPU
		{36E8C355-8377-4E03-B362-50CD5EC553EE}.Debug|Any CPU.Build.0 = Debug|Any CPU
		{36E8C355-8377-4E03-B362-50CD5EC553EE}.Release|Any CPU.ActiveCfg = Release|Any CPU
		{36E8C355-8377-4E03-B362-50CD5EC553EE}.Release|Any CPU.Build.0 = Release|Any CPU
		{2CD8996C-DF3E-4072-9A5A-65AFB52C4F0B}.Debug|Any CPU.ActiveCfg = Debug|Any CPU
		{2CD8996C-DF3E-4072-9A5A-65AFB52C4F0B}.Debug|Any CPU.Build.0 = Debug|Any CPU
		{2CD8996C-DF3E-4072-9A5A-65AFB52C4F0B}.Release|Any CPU.ActiveCfg = Release|Any CPU
		{2CD8996C-DF3E-4072-9A5A-65AFB52C4F0B}.Release|Any CPU.Build.0 = Release|Any CPU
		{13A622A7-48DE-4150-B22A-BED1472292EF}.Debug|Any CPU.ActiveCfg = Debug|Any CPU
		{13A622A7-48DE-4150-B22A-BED1472292EF}.Debug|Any CPU.Build.0 = Debug|Any CPU
		{13A622A7-48DE-4150-B22A-BED1472292EF}.Release|Any CPU.ActiveCfg = Release|Any CPU
		{13A622A7-48DE-4150-B22A-BED1472292EF}.Release|Any CPU.Build.0 = Release|Any CPU
		{CF6E13C3-D59D-4F1E-B201-861E127B533C}.Debug|Any CPU.ActiveCfg = Debug|Any CPU
		{CF6E13C3-D59D-4F1E-B201-861E127B533C}.Debug|Any CPU.Build.0 = Debug|Any CPU
		{CF6E13C3-D59D-4F1E-B201-861E127B533C}.Release|Any CPU.ActiveCfg = Release|Any CPU
		{CF6E13C3-D59D-4F1E-B201-861E127B533C}.Release|Any CPU.Build.0 = Release|Any CPU
		{8F742EE6-1F07-4A9B-AAA1-DD28A8F4A615}.Debug|Any CPU.ActiveCfg = Debug|Any CPU
		{8F742EE6-1F07-4A9B-AAA1-DD28A8F4A615}.Debug|Any CPU.Build.0 = Debug|Any CPU
		{8F742EE6-1F07-4A9B-AAA1-DD28A8F4A615}.Release|Any CPU.ActiveCfg = Release|Any CPU
		{8F742EE6-1F07-4A9B-AAA1-DD28A8F4A615}.Release|Any CPU.Build.0 = Release|Any CPU
		{EF5F77AE-BD47-4AB0-B755-08A4A021B1CE}.Debug|Any CPU.ActiveCfg = Debug|Any CPU
		{EF5F77AE-BD47-4AB0-B755-08A4A021B1CE}.Debug|Any CPU.Build.0 = Debug|Any CPU
		{EF5F77AE-BD47-4AB0-B755-08A4A021B1CE}.Release|Any CPU.ActiveCfg = Release|Any CPU
		{EF5F77AE-BD47-4AB0-B755-08A4A021B1CE}.Release|Any CPU.Build.0 = Release|Any CPU
		{96677A9F-0327-4B7E-9DAE-E79CB15A6BBC}.Debug|Any CPU.ActiveCfg = Debug|Any CPU
		{96677A9F-0327-4B7E-9DAE-E79CB15A6BBC}.Debug|Any CPU.Build.0 = Debug|Any CPU
		{96677A9F-0327-4B7E-9DAE-E79CB15A6BBC}.Release|Any CPU.ActiveCfg = Release|Any CPU
		{96677A9F-0327-4B7E-9DAE-E79CB15A6BBC}.Release|Any CPU.Build.0 = Release|Any CPU
		{660DB2DD-499A-443C-B4D7-46FA2AE9E60F}.Debug|Any CPU.ActiveCfg = Debug|Any CPU
		{660DB2DD-499A-443C-B4D7-46FA2AE9E60F}.Debug|Any CPU.Build.0 = Debug|Any CPU
		{660DB2DD-499A-443C-B4D7-46FA2AE9E60F}.Release|Any CPU.ActiveCfg = Release|Any CPU
		{660DB2DD-499A-443C-B4D7-46FA2AE9E60F}.Release|Any CPU.Build.0 = Release|Any CPU
		{FF57A88B-CC58-4AA5-A847-F7970F4800A2}.Debug|Any CPU.ActiveCfg = Debug|Any CPU
		{FF57A88B-CC58-4AA5-A847-F7970F4800A2}.Debug|Any CPU.Build.0 = Debug|Any CPU
		{FF57A88B-CC58-4AA5-A847-F7970F4800A2}.Release|Any CPU.ActiveCfg = Release|Any CPU
		{FF57A88B-CC58-4AA5-A847-F7970F4800A2}.Release|Any CPU.Build.0 = Release|Any CPU
		{A1F198F9-40F3-4875-A7A2-68AFC96968A6}.Debug|Any CPU.ActiveCfg = Debug|Any CPU
		{A1F198F9-40F3-4875-A7A2-68AFC96968A6}.Debug|Any CPU.Build.0 = Debug|Any CPU
		{A1F198F9-40F3-4875-A7A2-68AFC96968A6}.Release|Any CPU.ActiveCfg = Release|Any CPU
		{A1F198F9-40F3-4875-A7A2-68AFC96968A6}.Release|Any CPU.Build.0 = Release|Any CPU
		{C6899CE4-26B4-4188-AA3D-742D1080B3B4}.Debug|Any CPU.ActiveCfg = Debug|Any CPU
		{C6899CE4-26B4-4188-AA3D-742D1080B3B4}.Debug|Any CPU.Build.0 = Debug|Any CPU
		{C6899CE4-26B4-4188-AA3D-742D1080B3B4}.Release|Any CPU.ActiveCfg = Release|Any CPU
		{C6899CE4-26B4-4188-AA3D-742D1080B3B4}.Release|Any CPU.Build.0 = Release|Any CPU
		{7F9C3041-B8CD-4AB3-8D3F-7B38B5691F86}.Debug|Any CPU.ActiveCfg = Debug|Any CPU
		{7F9C3041-B8CD-4AB3-8D3F-7B38B5691F86}.Debug|Any CPU.Build.0 = Debug|Any CPU
		{7F9C3041-B8CD-4AB3-8D3F-7B38B5691F86}.Release|Any CPU.ActiveCfg = Release|Any CPU
		{7F9C3041-B8CD-4AB3-8D3F-7B38B5691F86}.Release|Any CPU.Build.0 = Release|Any CPU
		{2242535C-9B9F-45BA-B367-4CE42069901A}.Debug|Any CPU.ActiveCfg = Debug|Any CPU
		{2242535C-9B9F-45BA-B367-4CE42069901A}.Debug|Any CPU.Build.0 = Debug|Any CPU
		{2242535C-9B9F-45BA-B367-4CE42069901A}.Release|Any CPU.ActiveCfg = Release|Any CPU
		{2242535C-9B9F-45BA-B367-4CE42069901A}.Release|Any CPU.Build.0 = Release|Any CPU
		{024D6957-F3E4-43EA-8B9F-8BA880F0584C}.Debug|Any CPU.ActiveCfg = Debug|Any CPU
		{024D6957-F3E4-43EA-8B9F-8BA880F0584C}.Debug|Any CPU.Build.0 = Debug|Any CPU
		{024D6957-F3E4-43EA-8B9F-8BA880F0584C}.Release|Any CPU.ActiveCfg = Release|Any CPU
		{024D6957-F3E4-43EA-8B9F-8BA880F0584C}.Release|Any CPU.Build.0 = Release|Any CPU
		{EC1CE463-7C43-4834-8293-E3660CCB431F}.Debug|Any CPU.ActiveCfg = Debug|Any CPU
		{EC1CE463-7C43-4834-8293-E3660CCB431F}.Debug|Any CPU.Build.0 = Debug|Any CPU
		{EC1CE463-7C43-4834-8293-E3660CCB431F}.Release|Any CPU.ActiveCfg = Release|Any CPU
		{EC1CE463-7C43-4834-8293-E3660CCB431F}.Release|Any CPU.Build.0 = Release|Any CPU
	EndGlobalSection
	GlobalSection(SolutionProperties) = preSolution
		HideSolutionNode = FALSE
	EndGlobalSection
	GlobalSection(NestedProjects) = preSolution
		{632DC2E8-FB12-46CD-A97D-ED3D510E6B54} = {334D8F3F-43CC-491C-AE67-B50BB8C9CBF0}
		{2DF2ADE8-D412-40B9-80EE-575479BE3B1B} = {92FC3BD4-1A90-4A32-A2C0-68DD1466D77C}
		{27517F98-B8F3-417C-9BC4-01C1C83BBDE5} = {0A532648-26B5-43FC-9E5C-C13ECB34BDD9}
		{36E8C355-8377-4E03-B362-50CD5EC553EE} = {1909A51E-A789-4DE7-94D7-DED778AB5B67}
		{2CD8996C-DF3E-4072-9A5A-65AFB52C4F0B} = {92FC3BD4-1A90-4A32-A2C0-68DD1466D77C}
		{13A622A7-48DE-4150-B22A-BED1472292EF} = {CC963062-6631-4BD2-AD25-573CAEDB930F}
		{CF6E13C3-D59D-4F1E-B201-861E127B533C} = {06AE816F-B5A8-4FD2-BC59-B42A652C7326}
		{8F742EE6-1F07-4A9B-AAA1-DD28A8F4A615} = {BF1C0AB5-90B4-415C-A0BD-3A5647314CAF}
		{EF5F77AE-BD47-4AB0-B755-08A4A021B1CE} = {739AFC42-A864-4297-92FE-5DB40DA6EAF2}
		{96677A9F-0327-4B7E-9DAE-E79CB15A6BBC} = {E3DD382C-E087-43C2-A587-BF9EA3B670F6}
		{660DB2DD-499A-443C-B4D7-46FA2AE9E60F} = {E3DD382C-E087-43C2-A587-BF9EA3B670F6}
		{FF57A88B-CC58-4AA5-A847-F7970F4800A2} = {334D8F3F-43CC-491C-AE67-B50BB8C9CBF0}
		{A1F198F9-40F3-4875-A7A2-68AFC96968A6} = {3539DCD1-FBA9-4574-B07F-E5730CD3133F}
		{C6899CE4-26B4-4188-AA3D-742D1080B3B4} = {3539DCD1-FBA9-4574-B07F-E5730CD3133F}
		{7F9C3041-B8CD-4AB3-8D3F-7B38B5691F86} = {1909A51E-A789-4DE7-94D7-DED778AB5B67}
		{2242535C-9B9F-45BA-B367-4CE42069901A} = {9336B09D-F01D-4F8C-AD00-C26A6944665E}
		{024D6957-F3E4-43EA-8B9F-8BA880F0584C} = {739AFC42-A864-4297-92FE-5DB40DA6EAF2}
		{334D8F3F-43CC-491C-AE67-B50BB8C9CBF0} = {E76D474F-38F7-4788-83CC-7D0522B89719}
		{1909A51E-A789-4DE7-94D7-DED778AB5B67} = {E76D474F-38F7-4788-83CC-7D0522B89719}
		{92FC3BD4-1A90-4A32-A2C0-68DD1466D77C} = {E76D474F-38F7-4788-83CC-7D0522B89719}
		{0A532648-26B5-43FC-9E5C-C13ECB34BDD9} = {E76D474F-38F7-4788-83CC-7D0522B89719}
		{739AFC42-A864-4297-92FE-5DB40DA6EAF2} = {E76D474F-38F7-4788-83CC-7D0522B89719}
		{EC1CE463-7C43-4834-8293-E3660CCB431F} = {739AFC42-A864-4297-92FE-5DB40DA6EAF2}
	EndGlobalSection
	GlobalSection(ExtensibilityGlobals) = postSolution
		SolutionGuid = {5E31B11A-49BF-432B-8C02-EBDC757A2EDB}
	EndGlobalSection
EndGlobal
